
Microsoft Visual Studio Solution File, Format Version 12.00
# Visual Studio Version 16
VisualStudioVersion = 16.0.30804.86
MinimumVisualStudioVersion = 10.0.40219.1
Project("{FAE04EC0-301F-11D3-BF4B-00C04F79EFBC}") = "ytbrowser", "ytbrowser\ytbrowser.csproj", "{9CD73382-91E3-4451-99DC-2CE83DC5B740}"
EndProject
Global
	GlobalSection(SolutionConfigurationPlatforms) = preSolution
		Debug|ARM = Debug|ARM
		Debug|ARM64 = Debug|ARM64
		Debug|x64 = Debug|x64
		Debug|x86 = Debug|x86
		Release|ARM = Release|ARM
		Release|ARM64 = Release|ARM64
		Release|x64 = Release|x64
		Release|x86 = Release|x86
	EndGlobalSection
	GlobalSection(ProjectConfigurationPlatforms) = postSolution
		{9CD73382-91E3-4451-99DC-2CE83DC5B740}.Debug|ARM.ActiveCfg = Debug|ARM
		{9CD73382-91E3-4451-99DC-2CE83DC5B740}.Debug|ARM.Build.0 = Debug|ARM
		{9CD73382-91E3-4451-99DC-2CE83DC5B740}.Debug|ARM.Deploy.0 = Debug|ARM
		{9CD73382-91E3-4451-99DC-2CE83DC5B740}.Debug|ARM64.ActiveCfg = Debug|ARM64
		{9CD73382-91E3-4451-99DC-2CE83DC5B740}.Debug|ARM64.Build.0 = Debug|ARM64
		{9CD73382-91E3-4451-99DC-2CE83DC5B740}.Debug|ARM64.Deploy.0 = Debug|ARM64
		{9CD73382-91E3-4451-99DC-2CE83DC5B740}.Debug|x64.ActiveCfg = Debug|x64
		{9CD73382-91E3-4451-99DC-2CE83DC5B740}.Debug|x64.Build.0 = Debug|x64
		{9CD73382-91E3-4451-99DC-2CE83DC5B740}.Debug|x64.Deploy.0 = Debug|x64
		{9CD73382-91E3-4451-99DC-2CE83DC5B740}.Debug|x86.ActiveCfg = Debug|x86
		{9CD73382-91E3-4451-99DC-2CE83DC5B740}.Debug|x86.Build.0 = Debug|x86
		{9CD73382-91E3-4451-99DC-2CE83DC5B740}.Debug|x86.Deploy.0 = Debug|x86
		{9CD73382-91E3-4451-99DC-2CE83DC5B740}.Release|ARM.ActiveCfg = Release|ARM
		{9CD73382-91E3-4451-99DC-2CE83DC5B740}.Release|ARM.Build.0 = Release|ARM
		{9CD73382-91E3-4451-99DC-2CE83DC5B740}.Release|ARM.Deploy.0 = Release|ARM
		{9CD73382-91E3-4451-99DC-2CE83DC5B740}.Release|ARM64.ActiveCfg = Release|ARM64
		{9CD73382-91E3-4451-99DC-2CE83DC5B740}.Release|ARM64.Build.0 = Release|ARM64
		{9CD73382-91E3-4451-99DC-2CE83DC5B740}.Release|ARM64.Deploy.0 = Release|ARM64
		{9CD73382-91E3-4451-99DC-2CE83DC5B740}.Release|x64.ActiveCfg = Release|x64
		{9CD73382-91E3-4451-99DC-2CE83DC5B740}.Release|x64.Build.0 = Release|x64
		{9CD73382-91E3-4451-99DC-2CE83DC5B740}.Release|x64.Deploy.0 = Release|x64
		{9CD73382-91E3-4451-99DC-2CE83DC5B740}.Release|x86.ActiveCfg = Release|x86
		{9CD73382-91E3-4451-99DC-2CE83DC5B740}.Release|x86.Build.0 = Release|x86
		{9CD73382-91E3-4451-99DC-2CE83DC5B740}.Release|x86.Deploy.0 = Release|x86
	EndGlobalSection
	GlobalSection(SolutionProperties) = preSolution
		HideSolutionNode = FALSE
	EndGlobalSection
	GlobalSection(ExtensibilityGlobals) = postSolution
		SolutionGuid = {61571F33-54F9-4673-A9BD-B8053AC5CD58}
	EndGlobalSection
EndGlobal
